
Microsoft Visual Studio Solution File, Format Version 12.00
# Visual Studio 15
VisualStudioVersion = 15.0.28307.1267
MinimumVisualStudioVersion = 10.0.40219.1
Project("{8BC9CEB8-8B4A-11D0-8D11-00A0C91BC942}") = "qmon", "qmon\qmon.vcxproj", "{2D611CE9-6D4A-4CB4-9CD4-119BC8E43715}"
EndProject
Global
	GlobalSection(SolutionConfigurationPlatforms) = preSolution
		Debug|x64 = Debug|x64
		Debug|x86 = Debug|x86
		Release|x64 = Release|x64
		Release|x86 = Release|x86
	EndGlobalSection
	GlobalSection(ProjectConfigurationPlatforms) = postSolution
		{2D611CE9-6D4A-4CB4-9CD4-119BC8E43715}.Debug|x64.ActiveCfg = Debug|x64
		{2D611CE9-6D4A-4CB4-9CD4-119BC8E43715}.Debug|x64.Build.0 = Debug|x64
		{2D611CE9-6D4A-4CB4-9CD4-119BC8E43715}.Debug|x86.ActiveCfg = Debug|Win32
		{2D611CE9-6D4A-4CB4-9CD4-119BC8E43715}.Debug|x86.Build.0 = Debug|Win32
		{2D611CE9-6D4A-4CB4-9CD4-119BC8E43715}.Release|x64.ActiveCfg = Release|x64
		{2D611CE9-6D4A-4CB4-9CD4-119BC8E43715}.Release|x64.Build.0 = Release|x64
		{2D611CE9-6D4A-4CB4-9CD4-119BC8E43715}.Release|x86.ActiveCfg = Release|Win32
		{2D611CE9-6D4A-4CB4-9CD4-119BC8E43715}.Release|x86.Build.0 = Release|Win32
	EndGlobalSection
	GlobalSection(SolutionProperties) = preSolution
		HideSolutionNode = FALSE
	EndGlobalSection
	GlobalSection(ExtensibilityGlobals) = postSolution
		SolutionGuid = {DA74764D-3C23-4F71-8303-99CAB5FB3AD9}
	EndGlobalSection
EndGlobal
